
Microsoft Visual Studio Solution File, Format Version 12.00
# Visual Studio Version 17
VisualStudioVersion = 17.1.32421.90
MinimumVisualStudioVersion = 10.0.40219.1
Project("{9A19103F-16F7-4668-BE54-9A1E7A4F7556}") = "GenshinLib", "GenshinLib\GenshinLib.csproj", "{4653D482-1B33-4E7B-B15A-FDF6A5ACA2DE}"
EndProject
Project("{9A19103F-16F7-4668-BE54-9A1E7A4F7556}") = "Carrot.Common", "CarrotCommon\Carrot.Common.csproj", "{45CC2DC5-60B2-4989-815E-5E9869E36743}"
EndProject
Project("{9A19103F-16F7-4668-BE54-9A1E7A4F7556}") = "SharpUpdater", "SharpUpdater\SharpUpdater.csproj", "{7C49E95B-B4CD-4390-B05D-1DF8145FDE76}"
EndProject
Project("{9A19103F-16F7-4668-BE54-9A1E7A4F7556}") = "CarrotVSNumber", "CarrotVSNumber\CarrotVSNumber.csproj", "{3FC1E477-B4B3-46B0-80C0-91E9217AB1DE}"
EndProject
Project("{9A19103F-16F7-4668-BE54-9A1E7A4F7556}") = "CarrotHashCli", "CarrotHash\CarrotHashCli.csproj", "{E68A3A58-4739-4173-9682-15850E54518C}"
EndProject
Project("{9A19103F-16F7-4668-BE54-9A1E7A4F7556}") = "Carrot.ProCom", "Carrot.ProCom\Carrot.ProCom.csproj", "{B0C3540B-9503-434C-A228-1756BAD563E4}"
EndProject
Project("{9A19103F-16F7-4668-BE54-9A1E7A4F7556}") = "Carrot.Device", "Carrot.Device\Carrot.Device.csproj", "{80712E4F-7382-4607-92E8-ACE9354D034C}"
EndProject
Project("{9A19103F-16F7-4668-BE54-9A1E7A4F7556}") = "ConsoleTests", "ConsoleTests\ConsoleTests.csproj", "{B3E116DB-D858-44E8-8DEC-FC00F12C4E7E}"
EndProject
Project("{2150E333-8FDC-42A3-9474-1A3956D46DE8}") = "解决方案项", "解决方案项", "{0010B164-338D-488D-88CB-12CEDF293B78}"
	ProjectSection(SolutionItems) = preProject
		.editorconfig = .editorconfig
	EndProjectSection
EndProject
Project("{9A19103F-16F7-4668-BE54-9A1E7A4F7556}") = "CarrotNotifier", "CarrotNotifier\CarrotNotifier.csproj", "{8E590438-E0DC-438F-BFDF-E0DD65EF913F}"
EndProject
Project("{9A19103F-16F7-4668-BE54-9A1E7A4F7556}") = "WallpaperText", "WallpaperText\WallpaperText.csproj", "{4BA6AFC9-7729-450A-8A1D-C1C38C175A5B}"
EndProject
Project("{9A19103F-16F7-4668-BE54-9A1E7A4F7556}") = "DesktopWidgets", "DesktopWidgets\DesktopWidgets.csproj", "{576C7440-9A14-4194-97FF-96EFB1B47357}"
EndProject
Project("{FAE04EC0-301F-11D3-BF4B-00C04F79EFBC}") = "CMDPanel", "CMDPanel\CMDPanel.csproj", "{7DAA27AE-9552-4547-BED8-AC05C6996F30}"
EndProject
Global
	GlobalSection(SolutionConfigurationPlatforms) = preSolution
		Debug|Any CPU = Debug|Any CPU
		Debug|x64 = Debug|x64
		Debug|x86 = Debug|x86
		Release|Any CPU = Release|Any CPU
		Release|x64 = Release|x64
		Release|x86 = Release|x86
	EndGlobalSection
	GlobalSection(ProjectConfigurationPlatforms) = postSolution
		{4653D482-1B33-4E7B-B15A-FDF6A5ACA2DE}.Debug|Any CPU.ActiveCfg = Debug|Any CPU
		{4653D482-1B33-4E7B-B15A-FDF6A5ACA2DE}.Debug|Any CPU.Build.0 = Debug|Any CPU
		{4653D482-1B33-4E7B-B15A-FDF6A5ACA2DE}.Debug|x64.ActiveCfg = Debug|Any CPU
		{4653D482-1B33-4E7B-B15A-FDF6A5ACA2DE}.Debug|x64.Build.0 = Debug|Any CPU
		{4653D482-1B33-4E7B-B15A-FDF6A5ACA2DE}.Debug|x86.ActiveCfg = Debug|Any CPU
		{4653D482-1B33-4E7B-B15A-FDF6A5ACA2DE}.Debug|x86.Build.0 = Debug|Any CPU
		{4653D482-1B33-4E7B-B15A-FDF6A5ACA2DE}.Release|Any CPU.ActiveCfg = Release|Any CPU
		{4653D482-1B33-4E7B-B15A-FDF6A5ACA2DE}.Release|Any CPU.Build.0 = Release|Any CPU
		{4653D482-1B33-4E7B-B15A-FDF6A5ACA2DE}.Release|x64.ActiveCfg = Release|Any CPU
		{4653D482-1B33-4E7B-B15A-FDF6A5ACA2DE}.Release|x64.Build.0 = Release|Any CPU
		{4653D482-1B33-4E7B-B15A-FDF6A5ACA2DE}.Release|x86.ActiveCfg = Release|Any CPU
		{4653D482-1B33-4E7B-B15A-FDF6A5ACA2DE}.Release|x86.Build.0 = Release|Any CPU
		{45CC2DC5-60B2-4989-815E-5E9869E36743}.Debug|Any CPU.ActiveCfg = Debug|Any CPU
		{45CC2DC5-60B2-4989-815E-5E9869E36743}.Debug|Any CPU.Build.0 = Debug|Any CPU
		{45CC2DC5-60B2-4989-815E-5E9869E36743}.Debug|x64.ActiveCfg = Debug|Any CPU
		{45CC2DC5-60B2-4989-815E-5E9869E36743}.Debug|x64.Build.0 = Debug|Any CPU
		{45CC2DC5-60B2-4989-815E-5E9869E36743}.Debug|x86.ActiveCfg = Debug|Any CPU
		{45CC2DC5-60B2-4989-815E-5E9869E36743}.Debug|x86.Build.0 = Debug|Any CPU
		{45CC2DC5-60B2-4989-815E-5E9869E36743}.Release|Any CPU.ActiveCfg = Release|Any CPU
		{45CC2DC5-60B2-4989-815E-5E9869E36743}.Release|Any CPU.Build.0 = Release|Any CPU
		{45CC2DC5-60B2-4989-815E-5E9869E36743}.Release|x64.ActiveCfg = Release|Any CPU
		{45CC2DC5-60B2-4989-815E-5E9869E36743}.Release|x64.Build.0 = Release|Any CPU
		{45CC2DC5-60B2-4989-815E-5E9869E36743}.Release|x86.ActiveCfg = Release|Any CPU
		{45CC2DC5-60B2-4989-815E-5E9869E36743}.Release|x86.Build.0 = Release|Any CPU
		{7C49E95B-B4CD-4390-B05D-1DF8145FDE76}.Debug|Any CPU.ActiveCfg = Debug|Any CPU
		{7C49E95B-B4CD-4390-B05D-1DF8145FDE76}.Debug|Any CPU.Build.0 = Debug|Any CPU
		{7C49E95B-B4CD-4390-B05D-1DF8145FDE76}.Debug|x64.ActiveCfg = Debug|Any CPU
		{7C49E95B-B4CD-4390-B05D-1DF8145FDE76}.Debug|x64.Build.0 = Debug|Any CPU
		{7C49E95B-B4CD-4390-B05D-1DF8145FDE76}.Debug|x86.ActiveCfg = Debug|Any CPU
		{7C49E95B-B4CD-4390-B05D-1DF8145FDE76}.Debug|x86.Build.0 = Debug|Any CPU
		{7C49E95B-B4CD-4390-B05D-1DF8145FDE76}.Release|Any CPU.ActiveCfg = Release|Any CPU
		{7C49E95B-B4CD-4390-B05D-1DF8145FDE76}.Release|Any CPU.Build.0 = Release|Any CPU
		{7C49E95B-B4CD-4390-B05D-1DF8145FDE76}.Release|x64.ActiveCfg = Release|Any CPU
		{7C49E95B-B4CD-4390-B05D-1DF8145FDE76}.Release|x64.Build.0 = Release|Any CPU
		{7C49E95B-B4CD-4390-B05D-1DF8145FDE76}.Release|x86.ActiveCfg = Release|Any CPU
		{7C49E95B-B4CD-4390-B05D-1DF8145FDE76}.Release|x86.Build.0 = Release|Any CPU
		{3FC1E477-B4B3-46B0-80C0-91E9217AB1DE}.Debug|Any CPU.ActiveCfg = Debug|Any CPU
		{3FC1E477-B4B3-46B0-80C0-91E9217AB1DE}.Debug|Any CPU.Build.0 = Debug|Any CPU
		{3FC1E477-B4B3-46B0-80C0-91E9217AB1DE}.Debug|x64.ActiveCfg = Debug|Any CPU
		{3FC1E477-B4B3-46B0-80C0-91E9217AB1DE}.Debug|x64.Build.0 = Debug|Any CPU
		{3FC1E477-B4B3-46B0-80C0-91E9217AB1DE}.Debug|x86.ActiveCfg = Debug|Any CPU
		{3FC1E477-B4B3-46B0-80C0-91E9217AB1DE}.Debug|x86.Build.0 = Debug|Any CPU
		{3FC1E477-B4B3-46B0-80C0-91E9217AB1DE}.Release|Any CPU.ActiveCfg = Release|Any CPU
		{3FC1E477-B4B3-46B0-80C0-91E9217AB1DE}.Release|Any CPU.Build.0 = Release|Any CPU
		{3FC1E477-B4B3-46B0-80C0-91E9217AB1DE}.Release|x64.ActiveCfg = Release|Any CPU
		{3FC1E477-B4B3-46B0-80C0-91E9217AB1DE}.Release|x64.Build.0 = Release|Any CPU
		{3FC1E477-B4B3-46B0-80C0-91E9217AB1DE}.Release|x86.ActiveCfg = Release|Any CPU
		{3FC1E477-B4B3-46B0-80C0-91E9217AB1DE}.Release|x86.Build.0 = Release|Any CPU
		{E68A3A58-4739-4173-9682-15850E54518C}.Debug|Any CPU.ActiveCfg = Debug|Any CPU
		{E68A3A58-4739-4173-9682-15850E54518C}.Debug|Any CPU.Build.0 = Debug|Any CPU
		{E68A3A58-4739-4173-9682-15850E54518C}.Debug|x64.ActiveCfg = Debug|Any CPU
		{E68A3A58-4739-4173-9682-15850E54518C}.Debug|x64.Build.0 = Debug|Any CPU
		{E68A3A58-4739-4173-9682-15850E54518C}.Debug|x86.ActiveCfg = Debug|Any CPU
		{E68A3A58-4739-4173-9682-15850E54518C}.Debug|x86.Build.0 = Debug|Any CPU
		{E68A3A58-4739-4173-9682-15850E54518C}.Release|Any CPU.ActiveCfg = Release|Any CPU
		{E68A3A58-4739-4173-9682-15850E54518C}.Release|Any CPU.Build.0 = Release|Any CPU
		{E68A3A58-4739-4173-9682-15850E54518C}.Release|x64.ActiveCfg = Release|Any CPU
		{E68A3A58-4739-4173-9682-15850E54518C}.Release|x64.Build.0 = Release|Any CPU
		{E68A3A58-4739-4173-9682-15850E54518C}.Release|x86.ActiveCfg = Release|Any CPU
		{E68A3A58-4739-4173-9682-15850E54518C}.Release|x86.Build.0 = Release|Any CPU
		{B0C3540B-9503-434C-A228-1756BAD563E4}.Debug|Any CPU.ActiveCfg = Debug|Any CPU
		{B0C3540B-9503-434C-A228-1756BAD563E4}.Debug|Any CPU.Build.0 = Debug|Any CPU
		{B0C3540B-9503-434C-A228-1756BAD563E4}.Debug|x64.ActiveCfg = Debug|Any CPU
		{B0C3540B-9503-434C-A228-1756BAD563E4}.Debug|x64.Build.0 = Debug|Any CPU
		{B0C3540B-9503-434C-A228-1756BAD563E4}.Debug|x86.ActiveCfg = Debug|Any CPU
		{B0C3540B-9503-434C-A228-1756BAD563E4}.Debug|x86.Build.0 = Debug|Any CPU
		{B0C3540B-9503-434C-A228-1756BAD563E4}.Release|Any CPU.ActiveCfg = Release|Any CPU
		{B0C3540B-9503-434C-A228-1756BAD563E4}.Release|Any CPU.Build.0 = Release|Any CPU
		{B0C3540B-9503-434C-A228-1756BAD563E4}.Release|x64.ActiveCfg = Release|Any CPU
		{B0C3540B-9503-434C-A228-1756BAD563E4}.Release|x64.Build.0 = Release|Any CPU
		{B0C3540B-9503-434C-A228-1756BAD563E4}.Release|x86.ActiveCfg = Release|Any CPU
		{B0C3540B-9503-434C-A228-1756BAD563E4}.Release|x86.Build.0 = Release|Any CPU
		{80712E4F-7382-4607-92E8-ACE9354D034C}.Debug|Any CPU.ActiveCfg = Debug|Any CPU
		{80712E4F-7382-4607-92E8-ACE9354D034C}.Debug|Any CPU.Build.0 = Debug|Any CPU
		{80712E4F-7382-4607-92E8-ACE9354D034C}.Debug|x64.ActiveCfg = Debug|Any CPU
		{80712E4F-7382-4607-92E8-ACE9354D034C}.Debug|x64.Build.0 = Debug|Any CPU
		{80712E4F-7382-4607-92E8-ACE9354D034C}.Debug|x86.ActiveCfg = Debug|Any CPU
		{80712E4F-7382-4607-92E8-ACE9354D034C}.Debug|x86.Build.0 = Debug|Any CPU
		{80712E4F-7382-4607-92E8-ACE9354D034C}.Release|Any CPU.ActiveCfg = Release|Any CPU
		{80712E4F-7382-4607-92E8-ACE9354D034C}.Release|Any CPU.Build.0 = Release|Any CPU
		{80712E4F-7382-4607-92E8-ACE9354D034C}.Release|x64.ActiveCfg = Release|Any CPU
		{80712E4F-7382-4607-92E8-ACE9354D034C}.Release|x64.Build.0 = Release|Any CPU
		{80712E4F-7382-4607-92E8-ACE9354D034C}.Release|x86.ActiveCfg = Release|Any CPU
		{80712E4F-7382-4607-92E8-ACE9354D034C}.Release|x86.Build.0 = Release|Any CPU
		{B3E116DB-D858-44E8-8DEC-FC00F12C4E7E}.Debug|Any CPU.ActiveCfg = Debug|Any CPU
		{B3E116DB-D858-44E8-8DEC-FC00F12C4E7E}.Debug|Any CPU.Build.0 = Debug|Any CPU
		{B3E116DB-D858-44E8-8DEC-FC00F12C4E7E}.Debug|x64.ActiveCfg = Debug|Any CPU
		{B3E116DB-D858-44E8-8DEC-FC00F12C4E7E}.Debug|x64.Build.0 = Debug|Any CPU
		{B3E116DB-D858-44E8-8DEC-FC00F12C4E7E}.Debug|x86.ActiveCfg = Debug|Any CPU
		{B3E116DB-D858-44E8-8DEC-FC00F12C4E7E}.Debug|x86.Build.0 = Debug|Any CPU
		{B3E116DB-D858-44E8-8DEC-FC00F12C4E7E}.Release|Any CPU.ActiveCfg = Release|Any CPU
		{B3E116DB-D858-44E8-8DEC-FC00F12C4E7E}.Release|Any CPU.Build.0 = Release|Any CPU
		{B3E116DB-D858-44E8-8DEC-FC00F12C4E7E}.Release|x64.ActiveCfg = Release|Any CPU
		{B3E116DB-D858-44E8-8DEC-FC00F12C4E7E}.Release|x64.Build.0 = Release|Any CPU
		{B3E116DB-D858-44E8-8DEC-FC00F12C4E7E}.Release|x86.ActiveCfg = Release|Any CPU
		{B3E116DB-D858-44E8-8DEC-FC00F12C4E7E}.Release|x86.Build.0 = Release|Any CPU
		{8E590438-E0DC-438F-BFDF-E0DD65EF913F}.Debug|Any CPU.ActiveCfg = Debug|Any CPU
		{8E590438-E0DC-438F-BFDF-E0DD65EF913F}.Debug|Any CPU.Build.0 = Debug|Any CPU
		{8E590438-E0DC-438F-BFDF-E0DD65EF913F}.Debug|x64.ActiveCfg = Debug|Any CPU
		{8E590438-E0DC-438F-BFDF-E0DD65EF913F}.Debug|x64.Build.0 = Debug|Any CPU
		{8E590438-E0DC-438F-BFDF-E0DD65EF913F}.Debug|x86.ActiveCfg = Debug|Any CPU
		{8E590438-E0DC-438F-BFDF-E0DD65EF913F}.Debug|x86.Build.0 = Debug|Any CPU
		{8E590438-E0DC-438F-BFDF-E0DD65EF913F}.Release|Any CPU.ActiveCfg = Release|Any CPU
		{8E590438-E0DC-438F-BFDF-E0DD65EF913F}.Release|Any CPU.Build.0 = Release|Any CPU
		{8E590438-E0DC-438F-BFDF-E0DD65EF913F}.Release|x64.ActiveCfg = Release|Any CPU
		{8E590438-E0DC-438F-BFDF-E0DD65EF913F}.Release|x64.Build.0 = Release|Any CPU
		{8E590438-E0DC-438F-BFDF-E0DD65EF913F}.Release|x86.ActiveCfg = Release|Any CPU
		{8E590438-E0DC-438F-BFDF-E0DD65EF913F}.Release|x86.Build.0 = Release|Any CPU
		{4BA6AFC9-7729-450A-8A1D-C1C38C175A5B}.Debug|Any CPU.ActiveCfg = Debug|Any CPU
		{4BA6AFC9-7729-450A-8A1D-C1C38C175A5B}.Debug|Any CPU.Build.0 = Debug|Any CPU
		{4BA6AFC9-7729-450A-8A1D-C1C38C175A5B}.Debug|x64.ActiveCfg = Debug|Any CPU
		{4BA6AFC9-7729-450A-8A1D-C1C38C175A5B}.Debug|x64.Build.0 = Debug|Any CPU
		{4BA6AFC9-7729-450A-8A1D-C1C38C175A5B}.Debug|x86.ActiveCfg = Debug|Any CPU
		{4BA6AFC9-7729-450A-8A1D-C1C38C175A5B}.Debug|x86.Build.0 = Debug|Any CPU
		{4BA6AFC9-7729-450A-8A1D-C1C38C175A5B}.Release|Any CPU.ActiveCfg = Release|Any CPU
		{4BA6AFC9-7729-450A-8A1D-C1C38C175A5B}.Release|Any CPU.Build.0 = Release|Any CPU
		{4BA6AFC9-7729-450A-8A1D-C1C38C175A5B}.Release|x64.ActiveCfg = Release|Any CPU
		{4BA6AFC9-7729-450A-8A1D-C1C38C175A5B}.Release|x64.Build.0 = Release|Any CPU
		{4BA6AFC9-7729-450A-8A1D-C1C38C175A5B}.Release|x86.ActiveCfg = Release|Any CPU
		{4BA6AFC9-7729-450A-8A1D-C1C38C175A5B}.Release|x86.Build.0 = Release|Any CPU
		{576C7440-9A14-4194-97FF-96EFB1B47357}.Debug|Any CPU.ActiveCfg = Debug|Any CPU
		{576C7440-9A14-4194-97FF-96EFB1B47357}.Debug|Any CPU.Build.0 = Debug|Any CPU
		{576C7440-9A14-4194-97FF-96EFB1B47357}.Debug|x64.ActiveCfg = Debug|Any CPU
		{576C7440-9A14-4194-97FF-96EFB1B47357}.Debug|x64.Build.0 = Debug|Any CPU
		{576C7440-9A14-4194-97FF-96EFB1B47357}.Debug|x86.ActiveCfg = Debug|Any CPU
		{576C7440-9A14-4194-97FF-96EFB1B47357}.Debug|x86.Build.0 = Debug|Any CPU
		{576C7440-9A14-4194-97FF-96EFB1B47357}.Release|Any CPU.ActiveCfg = Release|Any CPU
		{576C7440-9A14-4194-97FF-96EFB1B47357}.Release|Any CPU.Build.0 = Release|Any CPU
		{576C7440-9A14-4194-97FF-96EFB1B47357}.Release|x64.ActiveCfg = Release|Any CPU
		{576C7440-9A14-4194-97FF-96EFB1B47357}.Release|x64.Build.0 = Release|Any CPU
		{576C7440-9A14-4194-97FF-96EFB1B47357}.Release|x86.ActiveCfg = Release|Any CPU
		{576C7440-9A14-4194-97FF-96EFB1B47357}.Release|x86.Build.0 = Release|Any CPU
		{7DAA27AE-9552-4547-BED8-AC05C6996F30}.Debug|Any CPU.ActiveCfg = Debug|Any CPU
		{7DAA27AE-9552-4547-BED8-AC05C6996F30}.Debug|Any CPU.Build.0 = Debug|Any CPU
		{7DAA27AE-9552-4547-BED8-AC05C6996F30}.Debug|x64.ActiveCfg = Debug|Any CPU
		{7DAA27AE-9552-4547-BED8-AC05C6996F30}.Debug|x64.Build.0 = Debug|Any CPU
		{7DAA27AE-9552-4547-BED8-AC05C6996F30}.Debug|x86.ActiveCfg = Debug|Any CPU
		{7DAA27AE-9552-4547-BED8-AC05C6996F30}.Debug|x86.Build.0 = Debug|Any CPU
		{7DAA27AE-9552-4547-BED8-AC05C6996F30}.Release|Any CPU.ActiveCfg = Release|Any CPU
		{7DAA27AE-9552-4547-BED8-AC05C6996F30}.Release|Any CPU.Build.0 = Release|Any CPU
		{7DAA27AE-9552-4547-BED8-AC05C6996F30}.Release|x64.ActiveCfg = Release|Any CPU
		{7DAA27AE-9552-4547-BED8-AC05C6996F30}.Release|x64.Build.0 = Release|Any CPU
		{7DAA27AE-9552-4547-BED8-AC05C6996F30}.Release|x86.ActiveCfg = Release|Any CPU
		{7DAA27AE-9552-4547-BED8-AC05C6996F30}.Release|x86.Build.0 = Release|Any CPU
	EndGlobalSection
	GlobalSection(SolutionProperties) = preSolution
		HideSolutionNode = FALSE
	EndGlobalSection
	GlobalSection(ExtensibilityGlobals) = postSolution
		SolutionGuid = {D81E9834-9111-44D8-8431-CE5A29AD1CAB}
	EndGlobalSection
EndGlobal
